
Microsoft Visual Studio Solution File, Format Version 12.00
# Visual Studio Version 17
VisualStudioVersion = 17.8.34525.116
MinimumVisualStudioVersion = 10.0.40219.1
Project("{9A19103F-16F7-4668-BE54-9A1E7A4F7556}") = "ApplicationClient", "ApplicationClient.csproj", "{BEC76627-780D-4E14-B614-F3047D5D8FF7}"
EndProject
Project("{9A19103F-16F7-4668-BE54-9A1E7A4F7556}") = "ProjetC#", "..\ProjetC#\ProjetC#.csproj", "{DDBF5ADC-B735-4162-AD2F-41FE6DE98EB3}"
EndProject
Global
	GlobalSection(SolutionConfigurationPlatforms) = preSolution
		Debug|Any CPU = Debug|Any CPU
		Release|Any CPU = Release|Any CPU
	EndGlobalSection
	GlobalSection(ProjectConfigurationPlatforms) = postSolution
		{BEC76627-780D-4E14-B614-F3047D5D8FF7}.Debug|Any CPU.ActiveCfg = Debug|Any CPU
		{BEC76627-780D-4E14-B614-F3047D5D8FF7}.Debug|Any CPU.Build.0 = Debug|Any CPU
		{BEC76627-780D-4E14-B614-F3047D5D8FF7}.Release|Any CPU.ActiveCfg = Release|Any CPU
		{BEC76627-780D-4E14-B614-F3047D5D8FF7}.Release|Any CPU.Build.0 = Release|Any CPU
		{DDBF5ADC-B735-4162-AD2F-41FE6DE98EB3}.Debug|Any CPU.ActiveCfg = Debug|Any CPU
		{DDBF5ADC-B735-4162-AD2F-41FE6DE98EB3}.Debug|Any CPU.Build.0 = Debug|Any CPU
		{DDBF5ADC-B735-4162-AD2F-41FE6DE98EB3}.Release|Any CPU.ActiveCfg = Release|Any CPU
		{DDBF5ADC-B735-4162-AD2F-41FE6DE98EB3}.Release|Any CPU.Build.0 = Release|Any CPU
	EndGlobalSection
	GlobalSection(SolutionProperties) = preSolution
		HideSolutionNode = FALSE
	EndGlobalSection
	GlobalSection(ExtensibilityGlobals) = postSolution
		SolutionGuid = {A407378E-B686-44F6-82DD-BA98EF4BC816}
	EndGlobalSection
EndGlobal
